
Microsoft Visual Studio Solution File, Format Version 12.00
# Visual Studio Version 17
VisualStudioVersion = 17.3.32922.545
MinimumVisualStudioVersion = 10.0.40219.1
Project("{9A19103F-16F7-4668-BE54-9A1E7A4F7556}") = "Oefening2", "Oefening1\Oefening2.csproj", "{909DE419-6AB6-4A3E-95CE-9949BB0812DB}"
EndProject
Project("{9A19103F-16F7-4668-BE54-9A1E7A4F7556}") = "Huisdieren", "Huisdieren\Huisdieren.csproj", "{C9B8AC60-8107-4004-A3D1-20D1D1275EE7}"
EndProject
Project("{FAE04EC0-301F-11D3-BF4B-00C04F79EFBC}") = "Oefening3", "Oefening3\Oefening3.csproj", "{04979978-E826-4845-9668-AB7F9EB030BB}"
EndProject
Global
	GlobalSection(SolutionConfigurationPlatforms) = preSolution
		Debug|Any CPU = Debug|Any CPU
		Release|Any CPU = Release|Any CPU
	EndGlobalSection
	GlobalSection(ProjectConfigurationPlatforms) = postSolution
		{909DE419-6AB6-4A3E-95CE-9949BB0812DB}.Debug|Any CPU.ActiveCfg = Debug|Any CPU
		{909DE419-6AB6-4A3E-95CE-9949BB0812DB}.Debug|Any CPU.Build.0 = Debug|Any CPU
		{909DE419-6AB6-4A3E-95CE-9949BB0812DB}.Release|Any CPU.ActiveCfg = Release|Any CPU
		{909DE419-6AB6-4A3E-95CE-9949BB0812DB}.Release|Any CPU.Build.0 = Release|Any CPU
		{C9B8AC60-8107-4004-A3D1-20D1D1275EE7}.Debug|Any CPU.ActiveCfg = Debug|Any CPU
		{C9B8AC60-8107-4004-A3D1-20D1D1275EE7}.Debug|Any CPU.Build.0 = Debug|Any CPU
		{C9B8AC60-8107-4004-A3D1-20D1D1275EE7}.Release|Any CPU.ActiveCfg = Release|Any CPU
		{C9B8AC60-8107-4004-A3D1-20D1D1275EE7}.Release|Any CPU.Build.0 = Release|Any CPU
		{04979978-E826-4845-9668-AB7F9EB030BB}.Debug|Any CPU.ActiveCfg = Debug|Any CPU
		{04979978-E826-4845-9668-AB7F9EB030BB}.Debug|Any CPU.Build.0 = Debug|Any CPU
		{04979978-E826-4845-9668-AB7F9EB030BB}.Release|Any CPU.ActiveCfg = Release|Any CPU
		{04979978-E826-4845-9668-AB7F9EB030BB}.Release|Any CPU.Build.0 = Release|Any CPU
	EndGlobalSection
	GlobalSection(SolutionProperties) = preSolution
		HideSolutionNode = FALSE
	EndGlobalSection
	GlobalSection(ExtensibilityGlobals) = postSolution
		SolutionGuid = {67805137-534B-46AB-BF48-1CAB571A1412}
	EndGlobalSection
EndGlobal
